
Microsoft Visual Studio Solution File, Format Version 12.00
# Visual Studio 16
Project("{FAE04EC0-301F-11D3-BF4B-00C04F79EFBC}") = "Assembly-CSharp", "Assembly-CSharp.csproj", "{A61FB679-9984-1CD8-F054-194736300C10}"
EndProject
Project("{FAE04EC0-301F-11D3-BF4B-00C04F79EFBC}") = "Assembly-CSharp-Editor-firstpass", "Assembly-CSharp-Editor-firstpass.csproj", "{76BC42BD-ED7C-C54E-E862-82CAA38B39AB}"
EndProject
Global
	GlobalSection(SolutionConfigurationPlatforms) = preSolution
		Debug|Any CPU = Debug|Any CPU
		Release|Any CPU = Release|Any CPU
	EndGlobalSection
	GlobalSection(ProjectConfigurationPlatforms) = postSolution
		{A61FB679-9984-1CD8-F054-194736300C10}.Debug|Any CPU.ActiveCfg = Debug|Any CPU
		{A61FB679-9984-1CD8-F054-194736300C10}.Debug|Any CPU.Build.0 = Debug|Any CPU
		{A61FB679-9984-1CD8-F054-194736300C10}.Release|Any CPU.ActiveCfg = Release|Any CPU
		{A61FB679-9984-1CD8-F054-194736300C10}.Release|Any CPU.Build.0 = Release|Any CPU
		{76BC42BD-ED7C-C54E-E862-82CAA38B39AB}.Debug|Any CPU.ActiveCfg = Debug|Any CPU
		{76BC42BD-ED7C-C54E-E862-82CAA38B39AB}.Debug|Any CPU.Build.0 = Debug|Any CPU
		{76BC42BD-ED7C-C54E-E862-82CAA38B39AB}.Release|Any CPU.ActiveCfg = Release|Any CPU
		{76BC42BD-ED7C-C54E-E862-82CAA38B39AB}.Release|Any CPU.Build.0 = Release|Any CPU
	EndGlobalSection
	GlobalSection(SolutionProperties) = preSolution
		HideSolutionNode = FALSE
	EndGlobalSection
EndGlobal
